
Microsoft Visual Studio Solution File, Format Version 12.00
# Visual Studio Version 17
VisualStudioVersion = 17.11.35327.3
MinimumVisualStudioVersion = 10.0.40219.1
Project("{FAE04EC0-301F-11D3-BF4B-00C04F79EFBC}") = "Lab07_4", "Lab07_4\Lab07_4.csproj", "{AF2A472E-2271-43BF-862C-142DD4A1A71F}"
EndProject
Global
	GlobalSection(SolutionConfigurationPlatforms) = preSolution
		Debug|Any CPU = Debug|Any CPU
		Release|Any CPU = Release|Any CPU
	EndGlobalSection
	GlobalSection(ProjectConfigurationPlatforms) = postSolution
		{AF2A472E-2271-43BF-862C-142DD4A1A71F}.Debug|Any CPU.ActiveCfg = Debug|Any CPU
		{AF2A472E-2271-43BF-862C-142DD4A1A71F}.Debug|Any CPU.Build.0 = Debug|Any CPU
		{AF2A472E-2271-43BF-862C-142DD4A1A71F}.Release|Any CPU.ActiveCfg = Release|Any CPU
		{AF2A472E-2271-43BF-862C-142DD4A1A71F}.Release|Any CPU.Build.0 = Release|Any CPU
	EndGlobalSection
	GlobalSection(SolutionProperties) = preSolution
		HideSolutionNode = FALSE
	EndGlobalSection
	GlobalSection(ExtensibilityGlobals) = postSolution
		SolutionGuid = {A58144C7-045F-4F4F-8217-D99E9AE4EE22}
	EndGlobalSection
EndGlobal
