
Microsoft Visual Studio Solution File, Format Version 12.00
# Visual Studio Version 17
VisualStudioVersion = 17.11.35327.3
MinimumVisualStudioVersion = 10.0.40219.1
Project("{FAE04EC0-301F-11D3-BF4B-00C04F79EFBC}") = "Lab5_2", "Lab5_2\Lab5_2.csproj", "{5DA1B482-3AF6-4CCB-BDC9-BABF67C43ADD}"
EndProject
Global
	GlobalSection(SolutionConfigurationPlatforms) = preSolution
		Debug|Any CPU = Debug|Any CPU
		Release|Any CPU = Release|Any CPU
	EndGlobalSection
	GlobalSection(ProjectConfigurationPlatforms) = postSolution
		{5DA1B482-3AF6-4CCB-BDC9-BABF67C43ADD}.Debug|Any CPU.ActiveCfg = Debug|Any CPU
		{5DA1B482-3AF6-4CCB-BDC9-BABF67C43ADD}.Debug|Any CPU.Build.0 = Debug|Any CPU
		{5DA1B482-3AF6-4CCB-BDC9-BABF67C43ADD}.Release|Any CPU.ActiveCfg = Release|Any CPU
		{5DA1B482-3AF6-4CCB-BDC9-BABF67C43ADD}.Release|Any CPU.Build.0 = Release|Any CPU
	EndGlobalSection
	GlobalSection(SolutionProperties) = preSolution
		HideSolutionNode = FALSE
	EndGlobalSection
	GlobalSection(ExtensibilityGlobals) = postSolution
		SolutionGuid = {577C0D8D-1806-487B-AA7A-3718A1ED24FB}
	EndGlobalSection
EndGlobal
